
Microsoft Visual Studio Solution File, Format Version 12.00
# Visual Studio Version 17
VisualStudioVersion = 17.6.33801.468
MinimumVisualStudioVersion = 10.0.40219.1
Project("{FAE04EC0-301F-11D3-BF4B-00C04F79EFBC}") = "RoyalBrothers_Tests", "RoyalBrothers_Tests\RoyalBrothers_Tests.csproj", "{7D03F2A6-DA74-4ADD-A0A6-4107D9153827}"
EndProject
Global
	GlobalSection(SolutionConfigurationPlatforms) = preSolution
		Debug|Any CPU = Debug|Any CPU
		Release|Any CPU = Release|Any CPU
	EndGlobalSection
	GlobalSection(ProjectConfigurationPlatforms) = postSolution
		{7D03F2A6-DA74-4ADD-A0A6-4107D9153827}.Debug|Any CPU.ActiveCfg = Debug|Any CPU
		{7D03F2A6-DA74-4ADD-A0A6-4107D9153827}.Debug|Any CPU.Build.0 = Debug|Any CPU
		{7D03F2A6-DA74-4ADD-A0A6-4107D9153827}.Release|Any CPU.ActiveCfg = Release|Any CPU
		{7D03F2A6-DA74-4ADD-A0A6-4107D9153827}.Release|Any CPU.Build.0 = Release|Any CPU
	EndGlobalSection
	GlobalSection(SolutionProperties) = preSolution
		HideSolutionNode = FALSE
	EndGlobalSection
	GlobalSection(ExtensibilityGlobals) = postSolution
		SolutionGuid = {BE438EAD-C1B4-4840-BE6E-6CFB7ACE6057}
	EndGlobalSection
EndGlobal
